Microsoft Visual Studio Solution File, Format Version 12.00
# Visual Studio Version 17
VisualStudioVersion = 17.5.2.0
MinimumVisualStudioVersion = 10.0.40219.1
Project("{FAE04EC0-301F-11D3-BF4B-00C04F79EFBC}") = "WebAPIProducto", "WebAPIProducto.csproj", "{97B8C500-506B-1312-1637-FCA425216475}"
EndProject
Global
	GlobalSection(SolutionConfigurationPlatforms) = preSolution
		Debug|Any CPU = Debug|Any CPU
		Release|Any CPU = Release|Any CPU
	EndGlobalSection
	GlobalSection(ProjectConfigurationPlatforms) = postSolution
		{97B8C500-506B-1312-1637-FCA425216475}.Debug|Any CPU.ActiveCfg = Debug|Any CPU
		{97B8C500-506B-1312-1637-FCA425216475}.Debug|Any CPU.Build.0 = Debug|Any CPU
		{97B8C500-506B-1312-1637-FCA425216475}.Release|Any CPU.ActiveCfg = Release|Any CPU
		{97B8C500-506B-1312-1637-FCA425216475}.Release|Any CPU.Build.0 = Release|Any CPU
	EndGlobalSection
	GlobalSection(SolutionProperties) = preSolution
		HideSolutionNode = FALSE
	EndGlobalSection
	GlobalSection(ExtensibilityGlobals) = postSolution
		SolutionGuid = {743019A6-B27E-4C51-A867-C9D4A34FC11A}
	EndGlobalSection
EndGlobal
